// !$*UTF8*$!
{
	archiveVersion = 1;
	classes = {
	};
	objectVersion = 46;
	objects = {

/* Begin PBXBuildFile section */
		2D8A97601C9DB0B700A24825 /* main.m in Sources */ = {isa = PBXBuildFile; fileRef = 2D8A975F1C9DB0B700A24825 /* main.m */; };
		2D8A97631C9DB0B700A24825 /* AppDelegate.m in Sources */ = {isa = PBXBuildFile; fileRef = 2D8A97621C9DB0B700A24825 /* AppDelegate.m */; };
		2D8A97661C9DB0B700A24825 /* ViewController.m in Sources */ = {isa = PBXBuildFile; fileRef = 2D8A97651C9DB0B700A24825 /* ViewController.m */; };
		2D8A97691C9DB0B700A24825 /* Main.storyboard in Resources */ = {isa = PBXBuildFile; fileRef = 2D8A97671C9DB0B700A24825 /* Main.storyboard */; };
		2D8A976B1C9DB0B700A24825 /* Assets.xcassets in Resources */ = {isa = PBXBuildFile; fileRef = 2D8A976A1C9DB0B700A24825 /* Assets.xcassets */; };
		2D8A976E1C9DB0B700A24825 /* LaunchScreen.storyboard in Resources */ = {isa = PBXBuildFile; fileRef = 2D8A976C1C9DB0B700A24825 /* LaunchScreen.storyboard */; };
		2D8A97771C9DB10100A24825 /* EPApusic.m in Sources */ = {isa = PBXBuildFile; fileRef = 2D8A97761C9DB10100A24825 /* EPApusic.m */; };
		2D8A977A1C9DB11000A24825 /* FirstViewController.m in Sources */ = {isa = PBXBuildFile; fileRef = 2D8A97791C9DB11000A24825 /* FirstViewController.m */; };
		2D8A977D1C9DB11B00A24825 /* SecondViewController.m in Sources */ = {isa = PBXBuildFile; fileRef = 2D8A977C1C9DB11B00A24825 /* SecondViewController.m */; };
/* End PBXBuildFile section */

/* Begin PBXFileReference section */
		2D8A975B1C9DB0B700A24825 /* ApusicController.app */ = {isa = PBXFileReference; explicitFileType = wrapper.application; includeInIndex = 0; path = ApusicController.app; sourceTree = BUILT_PRODUCTS_DIR; };
		2D8A975F1C9DB0B700A24825 /* main.m */ = {isa = PBXFileReference; lastKnownFileType = sourcecode.c.objc; path = main.m; sourceTree = "<group>"; };
		2D8A97611C9DB0B700A24825 /* AppDelegate.h */ = {isa = PBXFileReference; lastKnownFileType = sourcecode.c.h; path = AppDelegate.h; sourceTree = "<group>"; };
		2D8A97621C9DB0B700A24825 /* AppDelegate.m */ = {isa = PBXFileReference; lastKnownFileType = sourcecode.c.objc; path = AppDelegate.m; sourceTree = "<group>"; };
		2D8A97641C9DB0B700A24825 /* ViewController.h */ = {isa = PBXFileReference; lastKnownFileType = sourcecode.c.h; path = ViewController.h; sourceTree = "<group>"; };
		2D8A97651C9DB0B700A24825 /* ViewController.m */ = {isa = PBXFileReference; lastKnownFileType = sourcecode.c.objc; path = ViewController.m; sourceTree = "<group>"; };
		2D8A97681C9DB0B700A24825 /* Base */ = {isa = PBXFileReference; lastKnownFileType = file.storyboard; name = Base; path = Base.lproj/Main.storyboard; sourceTree = "<group>"; };
		2D8A976A1C9DB0B700A24825 /* Assets.xcassets */ = {isa = PBXFileReference; lastKnownFileType = folder.assetcatalog; path = Assets.xcassets; sourceTree = "<group>"; };
		2D8A976D1C9DB0B700A24825 /* Base */ = {isa = PBXFileReference; lastKnownFileType = file.storyboard; name = Base; path = Base.lproj/LaunchScreen.storyboard; sourceTree = "<group>"; };
		2D8A976F1C9DB0B700A24825 /* Info.plist */ = {isa = PBXFileReference; lastKnownFileType = text.plist.xml; path = Info.plist; sourceTree = "<group>"; };
		2D8A97751C9DB10100A24825 /* EPApusic.h */ = {isa = PBXFileReference; fileEncoding = 4; lastKnownFileType = sourcecode.c.h; path = EPApusic.h; sourceTree = "<group>"; };
		2D8A97761C9DB10100A24825 /* EPApusic.m */ = {isa = PBXFileReference; fileEncoding = 4; lastKnownFileType = sourcecode.c.objc; path = EPApusic.m; sourceTree = "<group>"; };
		2D8A97781C9DB11000A24825 /* FirstViewController.h */ = {isa = PBXFileReference; fileEncoding = 4; lastKnownFileType = sourcecode.c.h; path = FirstViewController.h; sourceTree = "<group>"; };
		2D8A97791C9DB11000A24825 /* FirstViewController.m */ = {isa = PBXFileReference; fileEncoding = 4; lastKnownFileType = sourcecode.c.objc; path = FirstViewController.m; sourceTree = "<group>"; };
		2D8A977B1C9DB11B00A24825 /* SecondViewController.h */ = {isa = PBXFileReference; fileEncoding = 4; lastKnownFileType = sourcecode.c.h; path = SecondViewController.h; sourceTree = "<group>"; };
		2D8A977C1C9DB11B00A24825 /* SecondViewController.m */ = {isa = PBXFileReference; fileEncoding = 4; lastKnownFileType = sourcecode.c.objc; path = SecondViewController.m; sourceTree = "<group>"; };
		2D8A977E1C9DB4AD00A24825 /* PrefixHeader.pch */ = {isa = PBXFileReference; lastKnownFileType = sourcecode.c.h; path = PrefixHeader.pch; sourceTree = "<group>"; };
/* End PBXFileReference section */

/* Begin PBXFrameworksBuildPhase section */
		2D8A97581C9DB0B700A24825 /* Frameworks */ = {
			isa = PBXFrameworksBuildPhase;
			buildActionMask = 2147483647;
			files = (
			);
			runOnlyForDeploymentPostprocessing = 0;
		};
/* End PBXFrameworksBuildPhase section */

/* Begin PBXGroup section */
		2D8A97521C9DB0B600A24825 = {
			isa = PBXGroup;
			children = (
				2D8A975D1C9DB0B700A24825 /* ApusicController */,
				2D8A975C1C9DB0B700A24825 /* Products */,
			);
			sourceTree = "<group>";
		};
		2D8A975C1C9DB0B700A24825 /* Products */ = {
			isa = PBXGroup;
			children = (
				2D8A975B1C9DB0B700A24825 /* ApusicController.app */,
			);
			name = Products;
			sourceTree = "<group>";
		};
		2D8A975D1C9DB0B700A24825 /* ApusicController */ = {
			isa = PBXGroup;
			children = (
				2D8A97611C9DB0B700A24825 /* AppDelegate.h */,
				2D8A97621C9DB0B700A24825 /* AppDelegate.m */,
				2D8A97641C9DB0B700A24825 /* ViewController.h */,
				2D8A97651C9DB0B700A24825 /* ViewController.m */,
				2D8A97781C9DB11000A24825 /* FirstViewController.h */,
				2D8A97791C9DB11000A24825 /* FirstViewController.m */,
				2D8A977B1C9DB11B00A24825 /* SecondViewController.h */,
				2D8A977C1C9DB11B00A24825 /* SecondViewController.m */,
				2D8A97751C9DB10100A24825 /* EPApusic.h */,
				2D8A97761C9DB10100A24825 /* EPApusic.m */,
				2D8A977E1C9DB4AD00A24825 /* PrefixHeader.pch */,
				2D8A97671C9DB0B700A24825 /* Main.storyboard */,
				2D8A976A1C9DB0B700A24825 /* Assets.xcassets */,
				2D8A976C1C9DB0B700A24825 /* LaunchScreen.storyboard */,
				2D8A976F1C9DB0B700A24825 /* Info.plist */,
				2D8A975E1C9DB0B700A24825 /* Supporting Files */,
			);
			path = ApusicController;
			sourceTree = "<group>";
		};
		2D8A975E1C9DB0B700A24825 /* Supporting Files */ = {
			isa = PBXGroup;
			children = (
				2D8A975F1C9DB0B700A24825 /* main.m */,
			);
			name = "Supporting Files";
			sourceTree = "<group>";
		};
/* End PBXGroup section */

/* Begin PBXNativeTarget section */
		2D8A975A1C9DB0B700A24825 /* ApusicController */ = {
			isa = PBXNativeTarget;
			buildConfigurationList = 2D8A97721C9DB0B700A24825 /* Build configuration list for PBXNativeTarget "ApusicController" */;
			buildPhases = (
				2D8A97571C9DB0B700A24825 /* Sources */,
				2D8A97581C9DB0B700A24825 /* Frameworks */,
				2D8A97591C9DB0B700A24825 /* Resources */,
			);
			buildRules = (
			);
			dependencies = (
			);
			name = ApusicController;
			productName = ApusicController;
			productReference = 2D8A975B1C9DB0B700A24825 /* ApusicController.app */;
			productType = "com.apple.product-type.application";
		};
/* End PBXNativeTarget section */

/* Begin PBXProject section */
		2D8A97531C9DB0B600A24825 /* Project object */ = {
			isa = PBXProject;
			attributes = {
				LastUpgradeCheck = 0710;
				ORGANIZATIONNAME = "邢大象";
				TargetAttributes = {
					2D8A975A1C9DB0B700A24825 = {
						CreatedOnToolsVersion = 7.1;
					};
				};
			};
			buildConfigurationList = 2D8A97561C9DB0B600A24825 /* Build configuration list for PBXProject "ApusicController" */;
			compatibilityVersion = "Xcode 3.2";
			developmentRegion = English;
			hasScannedForEncodings = 0;
			knownRegions = (
				en,
				Base,
			);
			mainGroup = 2D8A97521C9DB0B600A24825;
			productRefGroup = 2D8A975C1C9DB0B700A24825 /* Products */;
			projectDirPath = "";
			projectRoot = "";
			targets = (
				2D8A975A1C9DB0B700A24825 /* ApusicController */,
			);
		};
/* End PBXProject section */

/* Begin PBXResourcesBuildPhase section */
		2D8A97591C9DB0B700A24825 /* Resources */ = {
			isa = PBXResourcesBuildPhase;
			buildActionMask = 2147483647;
			files = (
				2D8A976E1C9DB0B700A24825 /* LaunchScreen.storyboard in Resources */,
				2D8A976B1C9DB0B700A24825 /* Assets.xcassets in Resources */,
				2D8A97691C9DB0B700A24825 /* Main.storyboard in Resources */,
			);
			runOnlyForDeploymentPostprocessing = 0;
		};
/* End PBXResourcesBuildPhase section */

/* Begin PBXSourcesBuildPhase section */
		2D8A97571C9DB0B700A24825 /* Sources */ = {
			isa = PBXSourcesBuildPhase;
			buildActionMask = 2147483647;
			files = (
				2D8A977D1C9DB11B00A24825 /* SecondViewController.m in Sources */,
				2D8A97661C9DB0B700A24825 /* ViewController.m in Sources */,
				2D8A97631C9DB0B700A24825 /* AppDelegate.m in Sources */,
				2D8A977A1C9DB11000A24825 /* FirstViewController.m in Sources */,
				2D8A97601C9DB0B700A24825 /* main.m in Sources */,
				2D8A97771C9DB10100A24825 /* EPApusic.m in Sources */,
			);
			runOnlyForDeploymentPostprocessing = 0;
		};
/* End PBXSourcesBuildPhase section */

/* Begin PBXVariantGroup section */
		2D8A97671C9DB0B700A24825 /* Main.storyboard */ = {
			isa = PBXVariantGroup;
			children = (
				2D8A97681C9DB0B700A24825 /* Base */,
			);
			name = Main.storyboard;
			sourceTree = "<group>";
		};
		2D8A976C1C9DB0B700A24825 /* LaunchScreen.storyboard */ = {
			isa = PBXVariantGroup;
			children = (
				2D8A976D1C9DB0B700A24825 /* Base */,
			);
			name = LaunchScreen.storyboard;
			sourceTree = "<group>";
		};
/* End PBXVariantGroup section */

/* Begin XCBuildConfiguration section */
		2D8A97701C9DB0B700A24825 /* Debug */ = {
			isa = XCBuildConfiguration;
			buildSettings = {
				ALWAYS_SEARCH_USER_PATHS = NO;
				CLANG_CXX_LANGUAGE_STANDARD = "gnu++0x";
				CLANG_CXX_LIBRARY = "libc++";
				CLANG_ENABLE_MODULES = YES;
				CLANG_ENABLE_OBJC_ARC = YES;
				CLANG_WARN_BOOL_CONVERSION = YES;
				CLANG_WARN_CONSTANT_CONVERSION = YES;
				CLANG_WARN_DIRECT_OBJC_ISA_USAGE = YES_ERROR;
				CLANG_WARN_EMPTY_BODY = YES;
				CLANG_WARN_ENUM_CONVERSION = YES;
				CLANG_WARN_INT_CONVERSION = YES;
				CLANG_WARN_OBJC_ROOT_CLASS = YES_ERROR;
				CLANG_WARN_UNREACHABLE_CODE = YES;
				CLANG_WARN__DUPLICATE_METHOD_MATCH = YES;
				"CODE_SIGN_IDENTITY[sdk=iphoneos*]" = "iPhone Developer";
				COPY_PHASE_STRIP = NO;
				DEBUG_INFORMATION_FORMAT = dwarf;
				ENABLE_STRICT_OBJC_MSGSEND = YES;
				ENABLE_TESTABILITY = YES;
				GCC_C_LANGUAGE_STANDARD = gnu99;
				GCC_DYNAMIC_NO_PIC = NO;
				GCC_NO_COMMON_BLOCKS = YES;
				GCC_OPTIMIZATION_LEVEL = 0;
				GCC_PREPROCESSOR_DEFINITIONS = (
					"DEBUG=1",
					"$(inherited)",
				);
				GCC_WARN_64_TO_32_BIT_CONVERSION = YES;
				GCC_WARN_ABOUT_RETURN_TYPE = YES_ERROR;
				GCC_WARN_UNDECLARED_SELECTOR = YES;
				GCC_WARN_UNINITIALIZED_AUTOS = YES_AGGRESSIVE;
				GCC_WARN_UNUSED_FUNCTION = YES;
				GCC_WARN_UNUSED_VARIABLE = YES;
				IPHONEOS_DEPLOYMENT_TARGET = 9.1;
				MTL_ENABLE_DEBUG_INFO = YES;
				ONLY_ACTIVE_ARCH = YES;
				SDKROOT = iphoneos;
			};
			name = Debug;
		};
		2D8A97711C9DB0B700A24825 /* Release */ = {
			isa = XCBuildConfiguration;
			buildSettings = {
				ALWAYS_SEARCH_USER_PATHS = NO;
				CLANG_CXX_LANGUAGE_STANDARD = "gnu++0x";
				CLANG_CXX_LIBRARY = "libc++";
				CLANG_ENABLE_MODULES = YES;
				CLANG_ENABLE_OBJC_ARC = YES;
				CLANG_WARN_BOOL_CONVERSION = YES;
				CLANG_WARN_CONSTANT_CONVERSION = YES;
				CLANG_WARN_DIRECT_OBJC_ISA_USAGE = YES_ERROR;
				CLANG_WARN_EMPTY_BODY = YES;
				CLANG_WARN_ENUM_CONVERSION = YES;
				CLANG_WARN_INT_CONVERSION = YES;
				CLANG_WARN_OBJC_ROOT_CLASS = YES_ERROR;
				CLANG_WARN_UNREACHABLE_CODE = YES;
				CLANG_WARN__DUPLICATE_METHOD_MATCH = YES;
				"CODE_SIGN_IDENTITY[sdk=iphoneos*]" = "iPhone Developer";
				COPY_PHASE_STRIP = NO;
				DEBUG_INFORMATION_FORMAT = "dwarf-with-dsym";
				ENABLE_NS_ASSERTIONS = NO;
				ENABLE_STRICT_OBJC_MSGSEND = YES;
				GCC_C_LANGUAGE_STANDARD = gnu99;
				GCC_NO_COMMON_BLOCKS = YES;
				GCC_WARN_64_TO_32_BIT_CONVERSION = YES;
				GCC_WARN_ABOUT_RETURN_TYPE = YES_ERROR;
				GCC_WARN_UNDECLARED_SELECTOR = YES;
				GCC_WARN_UNINITIALIZED_AUTOS = YES_AGGRESSIVE;
				GCC_WARN_UNUSED_FUNCTION = YES;
				GCC_WARN_UNUSED_VARIABLE = YES;
				IPHONEOS_DEPLOYMENT_TARGET = 9.1;
				MTL_ENABLE_DEBUG_INFO = NO;
				SDKROOT = iphoneos;
				VALIDATE_PRODUCT = YES;
			};
			name = Release;
		};
		2D8A97731C9DB0B700A24825 /* Debug */ = {
			isa = XCBuildConfiguration;
			buildSettings = {
				ASSETCATALOG_COMPILER_APPICON_NAME = AppIcon;
				GCC_PREFIX_HEADER = /Users/xingdaxiang/Desktop/ApusicController/ApusicController/PrefixHeader.pch;
				INFOPLIST_FILE = ApusicController/Info.plist;
				LD_RUNPATH_SEARCH_PATHS = "$(inherited) @executable_path/Frameworks";
				PRODUCT_BUNDLE_IDENTIFIER = com.elephant.ApusicController;
				PRODUCT_NAME = "$(TARGET_NAME)";
			};
			name = Debug;
		};
		2D8A97741C9DB0B700A24825 /* Release */ = {
			isa = XCBuildConfiguration;
			buildSettings = {
				ASSETCATALOG_COMPILER_APPICON_NAME = AppIcon;
				GCC_PREFIX_HEADER = /Users/xingdaxiang/Desktop/ApusicController/ApusicController/PrefixHeader.pch;
				INFOPLIST_FILE = ApusicController/Info.plist;
				LD_RUNPATH_SEARCH_PATHS = "$(inherited) @executable_path/Frameworks";
				PRODUCT_BUNDLE_IDENTIFIER = com.elephant.ApusicController;
				PRODUCT_NAME = "$(TARGET_NAME)";
			};
			name = Release;
		};
/* End XCBuildConfiguration section */

/* Begin XCConfigurationList section */
		2D8A97561C9DB0B600A24825 /* Build configuration list for PBXProject "ApusicController" */ = {
			isa = XCConfigurationList;
			buildConfigurations = (
				2D8A97701C9DB0B700A24825 /* Debug */,
				2D8A97711C9DB0B700A24825 /* Release */,
			);
			defaultConfigurationIsVisible = 0;
			defaultConfigurationName = Release;
		};
		2D8A97721C9DB0B700A24825 /* Build configuration list for PBXNativeTarget "ApusicController" */ = {
			isa = XCConfigurationList;
			buildConfigurations = (
				2D8A97731C9DB0B700A24825 /* Debug */,
				2D8A97741C9DB0B700A24825 /* Release */,
			);
			defaultConfigurationIsVisible = 0;
		};
/* End XCConfigurationList section */
	};
	rootObject = 2D8A97531C9DB0B600A24825 /* Project object */;
}
